PODS:
  - Flutter (1.0.0)
  - integration_test (0.0.1):
    - Flutter
  - mars-xlog (1.3.4)
  - xlog (0.0.1):
    - Flutter
    - mars-xlog (= 1.3.4)

DEPENDENCIES:
  - Flutter (from `Flutter`)
  - integration_test (from `.symlinks/plugins/integration_test/ios`)
  - xlog (from `.symlinks/plugins/xlog/ios`)

SPEC REPOS:
  trunk:
    - mars-xlog

EXTERNAL SOURCES:
  Flutter:
    :path: Flutter
  integration_test:
    :path: ".symlinks/plugins/integration_test/ios"
  xlog:
    :path: ".symlinks/plugins/xlog/ios"

SPEC CHECKSUMS:
  Flutter: e0871f40cf51350855a761d2e70bf5af5b9b5de7
  integration_test: 4a889634ef21a45d28d50d622cf412dc6d9f586e
  mars-xlog: 0afffbd3e6a9310bffa1648784305b155cdcd211
  xlog: df187ead571d384e1871613b58c8cde1d925251f

PODFILE CHECKSUM: 4305caec6b40dde0ae97be1573c53de1882a07e5

COCOAPODS: 1.16.2
